{
  "requires": true,
  "lockfileVersion": 1,
  "dependencies": {
    "@types/node": {
      "version": "8.10.18",
      "resolved": "https://registry.npmjs.org/@types/node/-/node-8.10.18.tgz",
      "integrity": "sha512-WoepSz+wJlU5Bjq5oK6cO1oXe2FgPcjMtQPgKPS8fVaTAD0lxkScMCCbMimdkVCsykqaA4lvHWz3cmj28yimhA=="
    },
    "typescript": {
      "version": "2.7.2",
      "resolved": "https://registry.npmjs.org/typescript/-/typescript-2.7.2.tgz",
      "integrity": "sha512-p5TCYZDAO0m4G344hD+wx/LATebLWZNkkh2asWUFqSsD2OrDNhbAHuSjobrmsUmdzjJjEeZVU9g1h3O6vpstnw=="
    }
  }
}
