{
  "requires": true,
  "lockfileVersion": 1,
  "dependencies": {
    "@types/node": {
      "version": "8.10.18",
      "resolved": "https://registry.npmjs.org/@types/node/-/node-8.10.18.tgz",
      "integrity": "sha512-WoepSz+wJlU5Bjq5oK6cO1oXe2FgPcjMtQPgKPS8fVaTAD0lxkScMCCbMimdkVCsykqaA4lvHWz3cmj28yimhA=="
    },
    "rxjs": {
      "version": "6.2.0",
      "resolved": "https://artifactory.swisscom.com:443/api/npm/oxd-ref-npm-virtual/rxjs/-/rxjs-6.2.0.tgz",
      "integrity": "sha1-4CTQ4YC3J1aoPCquqPJUI3UbqXg=",
      "requires": {
        "tslib": "1.9.2"
      }
    },
    "tslib": {
      "version": "1.9.2",
      "resolved": "https://artifactory.swisscom.com:443/api/npm/oxd-ref-npm-virtual/tslib/-/tslib-1.9.2.tgz",
      "integrity": "sha1-i+DMmh9tx3J8ON6xbC69GiiSmI4="
    },
    "typescript": {
      "version": "2.7.2",
      "resolved": "https://registry.npmjs.org/typescript/-/typescript-2.7.2.tgz",
      "integrity": "sha512-p5TCYZDAO0m4G344hD+wx/LATebLWZNkkh2asWUFqSsD2OrDNhbAHuSjobrmsUmdzjJjEeZVU9g1h3O6vpstnw=="
    }
  }
}
